
Microsoft Visual Studio Solution File, Format Version 12.00
# Visual Studio Version 17
VisualStudioVersion = 17.11.35327.3
MinimumVisualStudioVersion = 10.0.40219.1
Project("{9A19103F-16F7-4668-BE54-9A1E7A4F7556}") = "AngularAppDevOps15.Server", "AngularAppDevOps15.Server\AngularAppDevOps15.Server.csproj", "{71B459E5-DEA9-4E33-8C6D-B77C0B9D6E2F}"
EndProject
Project("{54A90642-561A-4BB1-A94E-469ADEE60C69}") = "angularappdevops15.client", "angularappdevops15.client\angularappdevops15.client.esproj", "{D262002B-6016-4C8E-8507-DC24DD3834BF}"
EndProject
Project("{FAE04EC0-301F-11D3-BF4B-00C04F79EFBC}") = "xUnitTestProject", "xUnitTestProject\xUnitTestProject.csproj", "{924C05C4-3511-4F78-BCE8-A159D6076871}"
EndProject
Global
	GlobalSection(SolutionConfigurationPlatforms) = preSolution
		Debug|Any CPU = Debug|Any CPU
		Release|Any CPU = Release|Any CPU
	EndGlobalSection
	GlobalSection(ProjectConfigurationPlatforms) = postSolution
		{71B459E5-DEA9-4E33-8C6D-B77C0B9D6E2F}.Debug|Any CPU.ActiveCfg = Debug|Any CPU
		{71B459E5-DEA9-4E33-8C6D-B77C0B9D6E2F}.Debug|Any CPU.Build.0 = Debug|Any CPU
		{71B459E5-DEA9-4E33-8C6D-B77C0B9D6E2F}.Release|Any CPU.ActiveCfg = Release|Any CPU
		{71B459E5-DEA9-4E33-8C6D-B77C0B9D6E2F}.Release|Any CPU.Build.0 = Release|Any CPU
		{D262002B-6016-4C8E-8507-DC24DD3834BF}.Debug|Any CPU.ActiveCfg = Debug|Any CPU
		{D262002B-6016-4C8E-8507-DC24DD3834BF}.Debug|Any CPU.Build.0 = Debug|Any CPU
		{D262002B-6016-4C8E-8507-DC24DD3834BF}.Debug|Any CPU.Deploy.0 = Debug|Any CPU
		{D262002B-6016-4C8E-8507-DC24DD3834BF}.Release|Any CPU.ActiveCfg = Release|Any CPU
		{D262002B-6016-4C8E-8507-DC24DD3834BF}.Release|Any CPU.Build.0 = Release|Any CPU
		{D262002B-6016-4C8E-8507-DC24DD3834BF}.Release|Any CPU.Deploy.0 = Release|Any CPU
		{924C05C4-3511-4F78-BCE8-A159D6076871}.Debug|Any CPU.ActiveCfg = Debug|Any CPU
		{924C05C4-3511-4F78-BCE8-A159D6076871}.Debug|Any CPU.Build.0 = Debug|Any CPU
		{924C05C4-3511-4F78-BCE8-A159D6076871}.Release|Any CPU.ActiveCfg = Release|Any CPU
		{924C05C4-3511-4F78-BCE8-A159D6076871}.Release|Any CPU.Build.0 = Release|Any CPU
	EndGlobalSection
	GlobalSection(SolutionProperties) = preSolution
		HideSolutionNode = FALSE
	EndGlobalSection
	GlobalSection(ExtensibilityGlobals) = postSolution
		SolutionGuid = {811B3B44-0967-472F-A36D-10D4FE2A7ADD}
	EndGlobalSection
EndGlobal
